
Microsoft Visual Studio Solution File, Format Version 12.00
# Visual Studio Version 16
VisualStudioVersion = 16.0.29609.76
MinimumVisualStudioVersion = 10.0.40219.1
Project("{FAE04EC0-301F-11D3-BF4B-00C04F79EFBC}") = "SmallRoutineTiming", "SmallRoutineTiming\SmallRoutineTiming.csproj", "{08947EB4-0DF0-4929-9C88-AC425B7C0162}"
EndProject
Global
	GlobalSection(SolutionConfigurationPlatforms) = preSolution
		Debug|Any CPU = Debug|Any CPU
		Release|Any CPU = Release|Any CPU
	EndGlobalSection
	GlobalSection(ProjectConfigurationPlatforms) = postSolution
		{08947EB4-0DF0-4929-9C88-AC425B7C0162}.Debug|Any CPU.ActiveCfg = Debug|Any CPU
		{08947EB4-0DF0-4929-9C88-AC425B7C0162}.Debug|Any CPU.Build.0 = Debug|Any CPU
		{08947EB4-0DF0-4929-9C88-AC425B7C0162}.Release|Any CPU.ActiveCfg = Release|Any CPU
		{08947EB4-0DF0-4929-9C88-AC425B7C0162}.Release|Any CPU.Build.0 = Release|Any CPU
	EndGlobalSection
	GlobalSection(SolutionProperties) = preSolution
		HideSolutionNode = FALSE
	EndGlobalSection
	GlobalSection(ExtensibilityGlobals) = postSolution
		SolutionGuid = {1005C265-AAA5-4524-81E7-173422E9F81A}
	EndGlobalSection
EndGlobal
